Microsoft Visual Studio Solution File, Format Version 11.00
# Visual Studio 2010
Project("{FAE04EC0-301F-11D3-BF4B-00C04F79EFBC}") = "connect", "connect.csproj", "{49623836-4EB9-4227-A83A-23078EDECFBF}"
EndProject
Global
	GlobalSection(SolutionConfigurationPlatforms) = preSolution
		Debug|Any CPU = Debug|Any CPU
		Release|Any CPU = Release|Any CPU
	EndGlobalSection
	GlobalSection(ProjectConfigurationPlatforms) = postSolution
		{49623836-4EB9-4227-A83A-23078EDECFBF}.Debug|Any CPU.ActiveCfg = Debug|Any CPU
		{49623836-4EB9-4227-A83A-23078EDECFBF}.Debug|Any CPU.Build.0 = Debug|Any CPU
		{49623836-4EB9-4227-A83A-23078EDECFBF}.Release|Any CPU.ActiveCfg = Release|Any CPU
		{49623836-4EB9-4227-A83A-23078EDECFBF}.Release|Any CPU.Build.0 = Release|Any CPU
	EndGlobalSection
	GlobalSection(SolutionProperties) = preSolution
		HideSolutionNode = FALSE
	EndGlobalSection
EndGlobal
